// !$*UTF8*$!
{
	archiveVersion = 1;
	classes = {
	};
	objectVersion = 50;
	objects = {

/* Begin PBXBuildFile section */
		E13987002565275D006EA315 /* GKWYWidget.intentdefinition in Sources */ = {isa = PBXBuildFile; fileRef = E13986FF2565275D006EA315 /* GKWYWidget.intentdefinition */; };
		E1FC2D992564BDDD006A9AC7 /* WidgetDemoApp.swift in Sources */ = {isa = PBXBuildFile; fileRef = E1FC2D982564BDDD006A9AC7 /* WidgetDemoApp.swift */; };
		E1FC2D9B2564BDDD006A9AC7 /* ContentView.swift in Sources */ = {isa = PBXBuildFile; fileRef = E1FC2D9A2564BDDD006A9AC7 /* ContentView.swift */; };
		E1FC2D9D2564BDDF006A9AC7 /* Assets.xcassets in Resources */ = {isa = PBXBuildFile; fileRef = E1FC2D9C2564BDDF006A9AC7 /* Assets.xcassets */; };
		E1FC2DA02564BDDF006A9AC7 /* Preview Assets.xcassets in Resources */ = {isa = PBXBuildFile; fileRef = E1FC2D9F2564BDDF006A9AC7 /* Preview Assets.xcassets */; };
		E1FC2DAF2564BE26006A9AC7 /* WidgetKit.framework in Frameworks */ = {isa = PBXBuildFile; fileRef = E1FC2DAE2564BE26006A9AC7 /* WidgetKit.framework */; };
		E1FC2DB12564BE26006A9AC7 /* SwiftUI.framework in Frameworks */ = {isa = PBXBuildFile; fileRef = E1FC2DB02564BE26006A9AC7 /* SwiftUI.framework */; };
		E1FC2DB42564BE26006A9AC7 /* GKWYWidget.swift in Sources */ = {isa = PBXBuildFile; fileRef = E1FC2DB32564BE26006A9AC7 /* GKWYWidget.swift */; };
		E1FC2DB62564BE28006A9AC7 /* Assets.xcassets in Resources */ = {isa = PBXBuildFile; fileRef = E1FC2DB52564BE28006A9AC7 /* Assets.xcassets */; };
		E1FC2DBA2564BE28006A9AC7 /* GKWYWidgetExtension.appex in Embed App Extensions */ = {isa = PBXBuildFile; fileRef = E1FC2DAC2564BE26006A9AC7 /* GKWYWidgetExtension.appex */; settings = {ATTRIBUTES = (RemoveHeadersOnCopy, ); }; };
		E1FC2DC22564BE7F006A9AC7 /* GKWYWidgetView.swift in Sources */ = {isa = PBXBuildFile; fileRef = E1FC2DC12564BE7F006A9AC7 /* GKWYWidgetView.swift */; };
		E1FC2DC52564C815006A9AC7 /* GKWYWidgetView.swift in Sources */ = {isa = PBXBuildFile; fileRef = E1FC2DC12564BE7F006A9AC7 /* GKWYWidgetView.swift */; };
		E1FC2DC92564CA05006A9AC7 /* GKWYDataLoader.swift in Sources */ = {isa = PBXBuildFile; fileRef = E1FC2DC82564CA05006A9AC7 /* GKWYDataLoader.swift */; };
		E1FC2DCA2564CA05006A9AC7 /* GKWYDataLoader.swift in Sources */ = {isa = PBXBuildFile; fileRef = E1FC2DC82564CA05006A9AC7 /* GKWYDataLoader.swift */; };
/* End PBXBuildFile section */

/* Begin PBXContainerItemProxy section */
		E1FC2DB82564BE28006A9AC7 /* PBXContainerItemProxy */ = {
			isa = PBXContainerItemProxy;
			containerPortal = E1FC2D8D2564BDDD006A9AC7 /* Project object */;
			proxyType = 1;
			remoteGlobalIDString = E1FC2DAB2564BE26006A9AC7;
			remoteInfo = GKWYWidgetExtension;
		};
/* End PBXContainerItemProxy section */

/* Begin PBXCopyFilesBuildPhase section */
		E1FC2DBE2564BE28006A9AC7 /* Embed App Extensions */ = {
			isa = PBXCopyFilesBuildPhase;
			buildActionMask = 2147483647;
			dstPath = "";
			dstSubfolderSpec = 13;
			files = (
				E1FC2DBA2564BE28006A9AC7 /* GKWYWidgetExtension.appex in Embed App Extensions */,
			);
			name = "Embed App Extensions";
			runOnlyForDeploymentPostprocessing = 0;
		};
/* End PBXCopyFilesBuildPhase section */

/* Begin PBXFileReference section */
		E13986FF2565275D006EA315 /* GKWYWidget.intentdefinition */ = {isa = PBXFileReference; lastKnownFileType = file.intentdefinition; path = GKWYWidget.intentdefinition; sourceTree = "<group>"; };
		E1FC2D952564BDDD006A9AC7 /* WidgetDemo.app */ = {isa = PBXFileReference; explicitFileType = wrapper.application; includeInIndex = 0; path = WidgetDemo.app; sourceTree = BUILT_PRODUCTS_DIR; };
		E1FC2D982564BDDD006A9AC7 /* WidgetDemoApp.swift */ = {isa = PBXFileReference; lastKnownFileType = sourcecode.swift; path = WidgetDemoApp.swift; sourceTree = "<group>"; };
		E1FC2D9A2564BDDD006A9AC7 /* ContentView.swift */ = {isa = PBXFileReference; lastKnownFileType = sourcecode.swift; path = ContentView.swift; sourceTree = "<group>"; };
		E1FC2D9C2564BDDF006A9AC7 /* Assets.xcassets */ = {isa = PBXFileReference; lastKnownFileType = folder.assetcatalog; path = Assets.xcassets; sourceTree = "<group>"; };
		E1FC2D9F2564BDDF006A9AC7 /* Preview Assets.xcassets */ = {isa = PBXFileReference; lastKnownFileType = folder.assetcatalog; path = "Preview Assets.xcassets"; sourceTree = "<group>"; };
		E1FC2DA12564BDDF006A9AC7 /* Info.plist */ = {isa = PBXFileReference; lastKnownFileType = text.plist.xml; path = Info.plist; sourceTree = "<group>"; };
		E1FC2DAC2564BE26006A9AC7 /* GKWYWidgetExtension.appex */ = {isa = PBXFileReference; explicitFileType = "wrapper.app-extension"; includeInIndex = 0; path = GKWYWidgetExtension.appex; sourceTree = BUILT_PRODUCTS_DIR; };
		E1FC2DAE2564BE26006A9AC7 /* WidgetKit.framework */ = {isa = PBXFileReference; lastKnownFileType = wrapper.framework; name = WidgetKit.framework; path = System/Library/Frameworks/WidgetKit.framework; sourceTree = SDKROOT; };
		E1FC2DB02564BE26006A9AC7 /* SwiftUI.framework */ = {isa = PBXFileReference; lastKnownFileType = wrapper.framework; name = SwiftUI.framework; path = System/Library/Frameworks/SwiftUI.framework; sourceTree = SDKROOT; };
		E1FC2DB32564BE26006A9AC7 /* GKWYWidget.swift */ = {isa = PBXFileReference; lastKnownFileType = sourcecode.swift; path = GKWYWidget.swift; sourceTree = "<group>"; };
		E1FC2DB52564BE28006A9AC7 /* Assets.xcassets */ = {isa = PBXFileReference; lastKnownFileType = folder.assetcatalog; path = Assets.xcassets; sourceTree = "<group>"; };
		E1FC2DB72564BE28006A9AC7 /* Info.plist */ = {isa = PBXFileReference; lastKnownFileType = text.plist.xml; path = Info.plist; sourceTree = "<group>"; };
		E1FC2DC12564BE7F006A9AC7 /* GKWYWidgetView.swift */ = {isa = PBXFileReference; lastKnownFileType = sourcecode.swift; path = GKWYWidgetView.swift; sourceTree = "<group>"; };
		E1FC2DC82564CA05006A9AC7 /* GKWYDataLoader.swift */ = {isa = PBXFileReference; lastKnownFileType = sourcecode.swift; path = GKWYDataLoader.swift; sourceTree = "<group>"; };
/* End PBXFileReference section */

/* Begin PBXFrameworksBuildPhase section */
		E1FC2D922564BDDD006A9AC7 /* Frameworks */ = {
			isa = PBXFrameworksBuildPhase;
			buildActionMask = 2147483647;
			files = (
			);
			runOnlyForDeploymentPostprocessing = 0;
		};
		E1FC2DA92564BE26006A9AC7 /* Frameworks */ = {
			isa = PBXFrameworksBuildPhase;
			buildActionMask = 2147483647;
			files = (
				E1FC2DB12564BE26006A9AC7 /* SwiftUI.framework in Frameworks */,
				E1FC2DAF2564BE26006A9AC7 /* WidgetKit.framework in Frameworks */,
			);
			runOnlyForDeploymentPostprocessing = 0;
		};
/* End PBXFrameworksBuildPhase section */

/* Begin PBXGroup section */
		E1FC2D8C2564BDDD006A9AC7 = {
			isa = PBXGroup;
			children = (
				E1FC2D972564BDDD006A9AC7 /* WidgetDemo */,
				E1FC2DB22564BE26006A9AC7 /* GKWYWidget */,
				E1FC2DAD2564BE26006A9AC7 /* Frameworks */,
				E1FC2D962564BDDD006A9AC7 /* Products */,
			);
			sourceTree = "<group>";
		};
		E1FC2D962564BDDD006A9AC7 /* Products */ = {
			isa = PBXGroup;
			children = (
				E1FC2D952564BDDD006A9AC7 /* WidgetDemo.app */,
				E1FC2DAC2564BE26006A9AC7 /* GKWYWidgetExtension.appex */,
			);
			name = Products;
			sourceTree = "<group>";
		};
		E1FC2D972564BDDD006A9AC7 /* WidgetDemo */ = {
			isa = PBXGroup;
			children = (
				E1FC2D982564BDDD006A9AC7 /* WidgetDemoApp.swift */,
				E1FC2D9A2564BDDD006A9AC7 /* ContentView.swift */,
				E1FC2D9C2564BDDF006A9AC7 /* Assets.xcassets */,
				E1FC2DA12564BDDF006A9AC7 /* Info.plist */,
				E1FC2D9E2564BDDF006A9AC7 /* Preview Content */,
			);
			path = WidgetDemo;
			sourceTree = "<group>";
		};
		E1FC2D9E2564BDDF006A9AC7 /* Preview Content */ = {
			isa = PBXGroup;
			children = (
				E1FC2D9F2564BDDF006A9AC7 /* Preview Assets.xcassets */,
			);
			path = "Preview Content";
			sourceTree = "<group>";
		};
		E1FC2DAD2564BE26006A9AC7 /* Frameworks */ = {
			isa = PBXGroup;
			children = (
				E1FC2DAE2564BE26006A9AC7 /* WidgetKit.framework */,
				E1FC2DB02564BE26006A9AC7 /* SwiftUI.framework */,
			);
			name = Frameworks;
			sourceTree = "<group>";
		};
		E1FC2DB22564BE26006A9AC7 /* GKWYWidget */ = {
			isa = PBXGroup;
			children = (
				E1FC2DB32564BE26006A9AC7 /* GKWYWidget.swift */,
				E1FC2DC12564BE7F006A9AC7 /* GKWYWidgetView.swift */,
				E1FC2DB52564BE28006A9AC7 /* Assets.xcassets */,
				E1FC2DB72564BE28006A9AC7 /* Info.plist */,
				E1FC2DC82564CA05006A9AC7 /* GKWYDataLoader.swift */,
				E13986FF2565275D006EA315 /* GKWYWidget.intentdefinition */,
			);
			path = GKWYWidget;
			sourceTree = "<group>";
		};
/* End PBXGroup section */

/* Begin PBXNativeTarget section */
		E1FC2D942564BDDD006A9AC7 /* WidgetDemo */ = {
			isa = PBXNativeTarget;
			buildConfigurationList = E1FC2DA42564BDDF006A9AC7 /* Build configuration list for PBXNativeTarget "WidgetDemo" */;
			buildPhases = (
				E1FC2D912564BDDD006A9AC7 /* Sources */,
				E1FC2D922564BDDD006A9AC7 /* Frameworks */,
				E1FC2D932564BDDD006A9AC7 /* Resources */,
				E1FC2DBE2564BE28006A9AC7 /* Embed App Extensions */,
			);
			buildRules = (
			);
			dependencies = (
				E1FC2DB92564BE28006A9AC7 /* PBXTargetDependency */,
			);
			name = WidgetDemo;
			productName = WidgetDemo;
			productReference = E1FC2D952564BDDD006A9AC7 /* WidgetDemo.app */;
			productType = "com.apple.product-type.application";
		};
		E1FC2DAB2564BE26006A9AC7 /* GKWYWidgetExtension */ = {
			isa = PBXNativeTarget;
			buildConfigurationList = E1FC2DBB2564BE28006A9AC7 /* Build configuration list for PBXNativeTarget "GKWYWidgetExtension" */;
			buildPhases = (
				E1FC2DA82564BE26006A9AC7 /* Sources */,
				E1FC2DA92564BE26006A9AC7 /* Frameworks */,
				E1FC2DAA2564BE26006A9AC7 /* Resources */,
			);
			buildRules = (
			);
			dependencies = (
			);
			name = GKWYWidgetExtension;
			productName = GKWYWidgetExtension;
			productReference = E1FC2DAC2564BE26006A9AC7 /* GKWYWidgetExtension.appex */;
			productType = "com.apple.product-type.app-extension";
		};
/* End PBXNativeTarget section */

/* Begin PBXProject section */
		E1FC2D8D2564BDDD006A9AC7 /* Project object */ = {
			isa = PBXProject;
			attributes = {
				LastSwiftUpdateCheck = 1220;
				LastUpgradeCheck = 1220;
				TargetAttributes = {
					E1FC2D942564BDDD006A9AC7 = {
						CreatedOnToolsVersion = 12.2;
					};
					E1FC2DAB2564BE26006A9AC7 = {
						CreatedOnToolsVersion = 12.2;
					};
				};
			};
			buildConfigurationList = E1FC2D902564BDDD006A9AC7 /* Build configuration list for PBXProject "WidgetDemo" */;
			compatibilityVersion = "Xcode 9.3";
			developmentRegion = en;
			hasScannedForEncodings = 0;
			knownRegions = (
				en,
				Base,
			);
			mainGroup = E1FC2D8C2564BDDD006A9AC7;
			productRefGroup = E1FC2D962564BDDD006A9AC7 /* Products */;
			projectDirPath = "";
			projectRoot = "";
			targets = (
				E1FC2D942564BDDD006A9AC7 /* WidgetDemo */,
				E1FC2DAB2564BE26006A9AC7 /* GKWYWidgetExtension */,
			);
		};
/* End PBXProject section */

/* Begin PBXResourcesBuildPhase section */
		E1FC2D932564BDDD006A9AC7 /* Resources */ = {
			isa = PBXResourcesBuildPhase;
			buildActionMask = 2147483647;
			files = (
				E1FC2DA02564BDDF006A9AC7 /* Preview Assets.xcassets in Resources */,
				E1FC2D9D2564BDDF006A9AC7 /* Assets.xcassets in Resources */,
			);
			runOnlyForDeploymentPostprocessing = 0;
		};
		E1FC2DAA2564BE26006A9AC7 /* Resources */ = {
			isa = PBXResourcesBuildPhase;
			buildActionMask = 2147483647;
			files = (
				E1FC2DB62564BE28006A9AC7 /* Assets.xcassets in Resources */,
			);
			runOnlyForDeploymentPostprocessing = 0;
		};
/* End PBXResourcesBuildPhase section */

/* Begin PBXSourcesBuildPhase section */
		E1FC2D912564BDDD006A9AC7 /* Sources */ = {
			isa = PBXSourcesBuildPhase;
			buildActionMask = 2147483647;
			files = (
				E1FC2DC22564BE7F006A9AC7 /* GKWYWidgetView.swift in Sources */,
				E1FC2D9B2564BDDD006A9AC7 /* ContentView.swift in Sources */,
				E1FC2DC92564CA05006A9AC7 /* GKWYDataLoader.swift in Sources */,
				E1FC2D992564BDDD006A9AC7 /* WidgetDemoApp.swift in Sources */,
			);
			runOnlyForDeploymentPostprocessing = 0;
		};
		E1FC2DA82564BE26006A9AC7 /* Sources */ = {
			isa = PBXSourcesBuildPhase;
			buildActionMask = 2147483647;
			files = (
				E1FC2DC52564C815006A9AC7 /* GKWYWidgetView.swift in Sources */,
				E1FC2DB42564BE26006A9AC7 /* GKWYWidget.swift in Sources */,
				E13987002565275D006EA315 /* GKWYWidget.intentdefinition in Sources */,
				E1FC2DCA2564CA05006A9AC7 /* GKWYDataLoader.swift in Sources */,
			);
			runOnlyForDeploymentPostprocessing = 0;
		};
/* End PBXSourcesBuildPhase section */

/* Begin PBXTargetDependency section */
		E1FC2DB92564BE28006A9AC7 /* PBXTargetDependency */ = {
			isa = PBXTargetDependency;
			target = E1FC2DAB2564BE26006A9AC7 /* GKWYWidgetExtension */;
			targetProxy = E1FC2DB82564BE28006A9AC7 /* PBXContainerItemProxy */;
		};
/* End PBXTargetDependency section */

/* Begin XCBuildConfiguration section */
		E1FC2DA22564BDDF006A9AC7 /* Debug */ = {
			isa = XCBuildConfiguration;
			buildSettings = {
				ALWAYS_SEARCH_USER_PATHS = NO;
				CLANG_ANALYZER_NONNULL = YES;
				CLANG_ANALYZER_NUMBER_OBJECT_CONVERSION = YES_AGGRESSIVE;
				CLANG_CXX_LANGUAGE_STANDARD = "gnu++14";
				CLANG_CXX_LIBRARY = "libc++";
				CLANG_ENABLE_MODULES = YES;
				CLANG_ENABLE_OBJC_ARC = YES;
				CLANG_ENABLE_OBJC_WEAK = YES;
				CLANG_WARN_BLOCK_CAPTURE_AUTORELEASING = YES;
				CLANG_WARN_BOOL_CONVERSION = YES;
				CLANG_WARN_COMMA = YES;
				CLANG_WARN_CONSTANT_CONVERSION = YES;
				CLANG_WARN_DEPRECATED_OBJC_IMPLEMENTATIONS = YES;
				CLANG_WARN_DIRECT_OBJC_ISA_USAGE = YES_ERROR;
				CLANG_WARN_DOCUMENTATION_COMMENTS = YES;
				CLANG_WARN_EMPTY_BODY = YES;
				CLANG_WARN_ENUM_CONVERSION = YES;
				CLANG_WARN_INFINITE_RECURSION = YES;
				CLANG_WARN_INT_CONVERSION = YES;
				CLANG_WARN_NON_LITERAL_NULL_CONVERSION = YES;
				CLANG_WARN_OBJC_IMPLICIT_RETAIN_SELF = YES;
				CLANG_WARN_OBJC_LITERAL_CONVERSION = YES;
				CLANG_WARN_OBJC_ROOT_CLASS = YES_ERROR;
				CLANG_WARN_QUOTED_INCLUDE_IN_FRAMEWORK_HEADER = YES;
				CLANG_WARN_RANGE_LOOP_ANALYSIS = YES;
				CLANG_WARN_STRICT_PROTOTYPES = YES;
				CLANG_WARN_SUSPICIOUS_MOVE = YES;
				CLANG_WARN_UNGUARDED_AVAILABILITY = YES_AGGRESSIVE;
				CLANG_WARN_UNREACHABLE_CODE = YES;
				CLANG_WARN__DUPLICATE_METHOD_MATCH = YES;
				COPY_PHASE_STRIP = NO;
				DEBUG_INFORMATION_FORMAT = dwarf;
				ENABLE_STRICT_OBJC_MSGSEND = YES;
				ENABLE_TESTABILITY = YES;
				GCC_C_LANGUAGE_STANDARD = gnu11;
				GCC_DYNAMIC_NO_PIC = NO;
				GCC_NO_COMMON_BLOCKS = YES;
				GCC_OPTIMIZATION_LEVEL = 0;
				GCC_PREPROCESSOR_DEFINITIONS = (
					"DEBUG=1",
					"$(inherited)",
				);
				GCC_WARN_64_TO_32_BIT_CONVERSION = YES;
				GCC_WARN_ABOUT_RETURN_TYPE = YES_ERROR;
				GCC_WARN_UNDECLARED_SELECTOR = YES;
				GCC_WARN_UNINITIALIZED_AUTOS = YES_AGGRESSIVE;
				GCC_WARN_UNUSED_FUNCTION = YES;
				GCC_WARN_UNUSED_VARIABLE = YES;
				IPHONEOS_DEPLOYMENT_TARGET = 14.2;
				MTL_ENABLE_DEBUG_INFO = INCLUDE_SOURCE;
				MTL_FAST_MATH = YES;
				ONLY_ACTIVE_ARCH = YES;
				SDKROOT = iphoneos;
				SWIFT_ACTIVE_COMPILATION_CONDITIONS = DEBUG;
				SWIFT_OPTIMIZATION_LEVEL = "-Onone";
			};
			name = Debug;
		};
		E1FC2DA32564BDDF006A9AC7 /* Release */ = {
			isa = XCBuildConfiguration;
			buildSettings = {
				ALWAYS_SEARCH_USER_PATHS = NO;
				CLANG_ANALYZER_NONNULL = YES;
				CLANG_ANALYZER_NUMBER_OBJECT_CONVERSION = YES_AGGRESSIVE;
				CLANG_CXX_LANGUAGE_STANDARD = "gnu++14";
				CLANG_CXX_LIBRARY = "libc++";
				CLANG_ENABLE_MODULES = YES;
				CLANG_ENABLE_OBJC_ARC = YES;
				CLANG_ENABLE_OBJC_WEAK = YES;
				CLANG_WARN_BLOCK_CAPTURE_AUTORELEASING = YES;
				CLANG_WARN_BOOL_CONVERSION = YES;
				CLANG_WARN_COMMA = YES;
				CLANG_WARN_CONSTANT_CONVERSION = YES;
				CLANG_WARN_DEPRECATED_OBJC_IMPLEMENTATIONS = YES;
				CLANG_WARN_DIRECT_OBJC_ISA_USAGE = YES_ERROR;
				CLANG_WARN_DOCUMENTATION_COMMENTS = YES;
				CLANG_WARN_EMPTY_BODY = YES;
				CLANG_WARN_ENUM_CONVERSION = YES;
				CLANG_WARN_INFINITE_RECURSION = YES;
				CLANG_WARN_INT_CONVERSION = YES;
				CLANG_WARN_NON_LITERAL_NULL_CONVERSION = YES;
				CLANG_WARN_OBJC_IMPLICIT_RETAIN_SELF = YES;
				CLANG_WARN_OBJC_LITERAL_CONVERSION = YES;
				CLANG_WARN_OBJC_ROOT_CLASS = YES_ERROR;
				CLANG_WARN_QUOTED_INCLUDE_IN_FRAMEWORK_HEADER = YES;
				CLANG_WARN_RANGE_LOOP_ANALYSIS = YES;
				CLANG_WARN_STRICT_PROTOTYPES = YES;
				CLANG_WARN_SUSPICIOUS_MOVE = YES;
				CLANG_WARN_UNGUARDED_AVAILABILITY = YES_AGGRESSIVE;
				CLANG_WARN_UNREACHABLE_CODE = YES;
				CLANG_WARN__DUPLICATE_METHOD_MATCH = YES;
				COPY_PHASE_STRIP = NO;
				DEBUG_INFORMATION_FORMAT = "dwarf-with-dsym";
				ENABLE_NS_ASSERTIONS = NO;
				ENABLE_STRICT_OBJC_MSGSEND = YES;
				GCC_C_LANGUAGE_STANDARD = gnu11;
				GCC_NO_COMMON_BLOCKS = YES;
				GCC_WARN_64_TO_32_BIT_CONVERSION = YES;
				GCC_WARN_ABOUT_RETURN_TYPE = YES_ERROR;
				GCC_WARN_UNDECLARED_SELECTOR = YES;
				GCC_WARN_UNINITIALIZED_AUTOS = YES_AGGRESSIVE;
				GCC_WARN_UNUSED_FUNCTION = YES;
				GCC_WARN_UNUSED_VARIABLE = YES;
				IPHONEOS_DEPLOYMENT_TARGET = 14.2;
				MTL_ENABLE_DEBUG_INFO = NO;
				MTL_FAST_MATH = YES;
				SDKROOT = iphoneos;
				SWIFT_COMPILATION_MODE = wholemodule;
				SWIFT_OPTIMIZATION_LEVEL = "-O";
				VALIDATE_PRODUCT = YES;
			};
			name = Release;
		};
		E1FC2DA52564BDDF006A9AC7 /* Debug */ = {
			isa = XCBuildConfiguration;
			buildSettings = {
				ALWAYS_EMBED_SWIFT_STANDARD_LIBRARIES = YES;
				ASSETCATALOG_COMPILER_APPICON_NAME = AppIcon;
				ASSETCATALOG_COMPILER_GLOBAL_ACCENT_COLOR_NAME = AccentColor;
				CODE_SIGN_STYLE = Automatic;
				DEVELOPMENT_ASSET_PATHS = "\"WidgetDemo/Preview Content\"";
				DEVELOPMENT_TEAM = "";
				ENABLE_PREVIEWS = YES;
				INFOPLIST_FILE = WidgetDemo/Info.plist;
				IPHONEOS_DEPLOYMENT_TARGET = 14.0;
				LD_RUNPATH_SEARCH_PATHS = (
					"$(inherited)",
					"@executable_path/Frameworks",
				);
				PRODUCT_BUNDLE_IDENTIFIER = com.june.WidgetDemo;
				PRODUCT_NAME = "$(TARGET_NAME)";
				SWIFT_VERSION = 5.0;
				TARGETED_DEVICE_FAMILY = "1,2";
			};
			name = Debug;
		};
		E1FC2DA62564BDDF006A9AC7 /* Release */ = {
			isa = XCBuildConfiguration;
			buildSettings = {
				ALWAYS_EMBED_SWIFT_STANDARD_LIBRARIES = YES;
				ASSETCATALOG_COMPILER_APPICON_NAME = AppIcon;
				ASSETCATALOG_COMPILER_GLOBAL_ACCENT_COLOR_NAME = AccentColor;
				CODE_SIGN_STYLE = Automatic;
				DEVELOPMENT_ASSET_PATHS = "\"WidgetDemo/Preview Content\"";
				DEVELOPMENT_TEAM = "";
				ENABLE_PREVIEWS = YES;
				INFOPLIST_FILE = WidgetDemo/Info.plist;
				IPHONEOS_DEPLOYMENT_TARGET = 14.0;
				LD_RUNPATH_SEARCH_PATHS = (
					"$(inherited)",
					"@executable_path/Frameworks",
				);
				PRODUCT_BUNDLE_IDENTIFIER = com.june.WidgetDemo;
				PRODUCT_NAME = "$(TARGET_NAME)";
				SWIFT_VERSION = 5.0;
				TARGETED_DEVICE_FAMILY = "1,2";
			};
			name = Release;
		};
		E1FC2DBC2564BE28006A9AC7 /* Debug */ = {
			isa = XCBuildConfiguration;
			buildSettings = {
				ASSETCATALOG_COMPILER_GLOBAL_ACCENT_COLOR_NAME = AccentColor;
				ASSETCATALOG_COMPILER_WIDGET_BACKGROUND_COLOR_NAME = WidgetBackground;
				CODE_SIGN_STYLE = Automatic;
				INFOPLIST_FILE = GKWYWidget/Info.plist;
				INTENTS_CODEGEN_LANGUAGE = Automatic;
				LD_RUNPATH_SEARCH_PATHS = (
					"$(inherited)",
					"@executable_path/Frameworks",
					"@executable_path/../../Frameworks",
				);
				PRODUCT_BUNDLE_IDENTIFIER = com.june.WidgetDemo.GKWYWidget;
				PRODUCT_NAME = "$(TARGET_NAME)";
				SKIP_INSTALL = YES;
				SWIFT_VERSION = 5.0;
				TARGETED_DEVICE_FAMILY = "1,2";
			};
			name = Debug;
		};
		E1FC2DBD2564BE28006A9AC7 /* Release */ = {
			isa = XCBuildConfiguration;
			buildSettings = {
				ASSETCATALOG_COMPILER_GLOBAL_ACCENT_COLOR_NAME = AccentColor;
				ASSETCATALOG_COMPILER_WIDGET_BACKGROUND_COLOR_NAME = WidgetBackground;
				CODE_SIGN_STYLE = Automatic;
				INFOPLIST_FILE = GKWYWidget/Info.plist;
				INTENTS_CODEGEN_LANGUAGE = Automatic;
				LD_RUNPATH_SEARCH_PATHS = (
					"$(inherited)",
					"@executable_path/Frameworks",
					"@executable_path/../../Frameworks",
				);
				PRODUCT_BUNDLE_IDENTIFIER = com.june.WidgetDemo.GKWYWidget;
				PRODUCT_NAME = "$(TARGET_NAME)";
				SKIP_INSTALL = YES;
				SWIFT_VERSION = 5.0;
				TARGETED_DEVICE_FAMILY = "1,2";
			};
			name = Release;
		};
/* End XCBuildConfiguration section */

/* Begin XCConfigurationList section */
		E1FC2D902564BDDD006A9AC7 /* Build configuration list for PBXProject "WidgetDemo" */ = {
			isa = XCConfigurationList;
			buildConfigurations = (
				E1FC2DA22564BDDF006A9AC7 /* Debug */,
				E1FC2DA32564BDDF006A9AC7 /* Release */,
			);
			defaultConfigurationIsVisible = 0;
			defaultConfigurationName = Release;
		};
		E1FC2DA42564BDDF006A9AC7 /* Build configuration list for PBXNativeTarget "WidgetDemo" */ = {
			isa = XCConfigurationList;
			buildConfigurations = (
				E1FC2DA52564BDDF006A9AC7 /* Debug */,
				E1FC2DA62564BDDF006A9AC7 /* Release */,
			);
			defaultConfigurationIsVisible = 0;
			defaultConfigurationName = Release;
		};
		E1FC2DBB2564BE28006A9AC7 /* Build configuration list for PBXNativeTarget "GKWYWidgetExtension" */ = {
			isa = XCConfigurationList;
			buildConfigurations = (
				E1FC2DBC2564BE28006A9AC7 /* Debug */,
				E1FC2DBD2564BE28006A9AC7 /* Release */,
			);
			defaultConfigurationIsVisible = 0;
			defaultConfigurationName = Release;
		};
/* End XCConfigurationList section */
	};
	rootObject = E1FC2D8D2564BDDD006A9AC7 /* Project object */;
}
